<?xml version="1.0" encoding="utf-8"?>
<Project ToolsVersion="4.0" xmlns="http://schemas.microsoft.com/developer/msbuild/2003">
  <ItemGroup>
    <Filter Include="Archivos de origen">
      <UniqueIdentifier>{4FC737F1-C7A5-4376-A066-2A32D752A2FF}</UniqueIdentifier>
      <Extensions>cpp;c;cc;cxx;c++;cppm;ixx;def;odl;idl;hpj;bat;asm;asmx</Extensions>
    </Filter>
    <Filter Include="Archivos de encabezado">
      <UniqueIdentifier>{93995380-89BD-4b04-88EB-625FBE52EBFB}</UniqueIdentifier>
      <Extensions>h;hh;hpp;hxx;h++;hm;inl;inc;ipp;xsd</Extensions>
    </Filter>
    <Filter Include="Archivos de recursos">
      <UniqueIdentifier>{67DA6AB6-F800-4c08-8B7A-83BB121AAD01}</UniqueIdentifier>
      <Extensions>rc;ico;cur;bmp;dlg;rc2;rct;bin;rgs;gif;jpg;jpeg;jpe;resx;tiff;tif;png;wav;mfcribbon-ms</Extensions>
    </Filter>
    <Filter Include="RECURSIVOS">
      <UniqueIdentifier>{989af1ee-4993-463c-84de-442cec4a8965}</UniqueIdentifier>
    </Filter>
    <Filter Include="ITERATIVOS">
      <UniqueIdentifier>{8cfd4128-37d2-4920-b8a6-0226bd2b74ce}</UniqueIdentifier>
    </Filter>
  </ItemGroup>
  <ItemGroup>
    <ClCompile Include="MyForm.cpp">
      <Filter>Archivos de origen</Filter>
    </ClCompile>
    <ClCompile Include="multirecursivo.cpp">
      <Filter>RECURSIVOS</Filter>
    </ClCompile>
    <ClCompile Include="multisumaiterativo.cpp">
      <Filter>ITERATIVOS</Filter>
    </ClCompile>
    <ClCompile Include="Cambiodebaserecur.cpp">
      <Filter>RECURSIVOS</Filter>
    </ClCompile>
    <ClCompile Include="cambiodebaseiterativo.cpp">
      <Filter>ITERATIVOS</Filter>
    </ClCompile>
    <ClCompile Include="Palindromasrecur.cpp">
      <Filter>RECURSIVOS</Filter>
    </ClCompile>
    <ClCompile Include="palindromasiterativo.cpp">
      <Filter>ITERATIVOS</Filter>
    </ClCompile>
  </ItemGroup>
  <ItemGroup>
    <ClInclude Include="MyForm.h">
      <Filter>Archivos de encabezado</Filter>
    </ClInclude>
    <ClInclude Include="multirecursivo.h">
      <Filter>RECURSIVOS</Filter>
    </ClInclude>
    <ClInclude Include="multisumaiterativo.h">
      <Filter>ITERATIVOS</Filter>
    </ClInclude>
    <ClInclude Include="Cambiodebaserecur.h">
      <Filter>RECURSIVOS</Filter>
    </ClInclude>
    <ClInclude Include="cambiodebaseiterativo.h">
      <Filter>ITERATIVOS</Filter>
    </ClInclude>
    <ClInclude Include="Palindromasrecur.h">
      <Filter>RECURSIVOS</Filter>
    </ClInclude>
    <ClInclude Include="palindromasiterativo.h">
      <Filter>ITERATIVOS</Filter>
    </ClInclude>
  </ItemGroup>
</Project>